
Microsoft Visual Studio Solution File, Format Version 12.00
# Visual Studio 15
VisualStudioVersion = 15.0.28307.489
MinimumVisualStudioVersion = 10.0.40219.1
Project("{FAE04EC0-301F-11D3-BF4B-00C04F79EFBC}") = "TestWindowsFormsApp1", "TestWindowsFormsApp1\TestWindowsFormsApp1.csproj", "{878CC4F7-A6A3-4B2D-8545-4A865C2062B7}"
EndProject
Global
	GlobalSection(SolutionConfigurationPlatforms) = preSolution
		Debug|Any CPU = Debug|Any CPU
		Release|Any CPU = Release|Any CPU
	EndGlobalSection
	GlobalSection(ProjectConfigurationPlatforms) = postSolution
		{878CC4F7-A6A3-4B2D-8545-4A865C2062B7}.Debug|Any CPU.ActiveCfg = Debug|Any CPU
		{878CC4F7-A6A3-4B2D-8545-4A865C2062B7}.Debug|Any CPU.Build.0 = Debug|Any CPU
		{878CC4F7-A6A3-4B2D-8545-4A865C2062B7}.Release|Any CPU.ActiveCfg = Release|Any CPU
		{878CC4F7-A6A3-4B2D-8545-4A865C2062B7}.Release|Any CPU.Build.0 = Release|Any CPU
	EndGlobalSection
	GlobalSection(SolutionProperties) = preSolution
		HideSolutionNode = FALSE
	EndGlobalSection
	GlobalSection(ExtensibilityGlobals) = postSolution
		SolutionGuid = {E0996906-6A37-4003-9D93-A63CE9D7E66D}
	EndGlobalSection
EndGlobal
